
Microsoft Visual Studio Solution File, Format Version 12.00
# Visual Studio Version 17
VisualStudioVersion = 17.0.32002.185
MinimumVisualStudioVersion = 10.0.40219.1
Project("{FAE04EC0-301F-11D3-BF4B-00C04F79EFBC}") = "OpenInternetExplorer", "OpenInternetExplorer.csproj", "{3FB00883-16A7-4EFD-906C-BCAC09425CD4}"
EndProject
Global
	GlobalSection(SolutionConfigurationPlatforms) = preSolution
		Debug|Any CPU = Debug|Any CPU
		Release|Any CPU = Release|Any CPU
	EndGlobalSection
	GlobalSection(ProjectConfigurationPlatforms) = postSolution
		{3FB00883-16A7-4EFD-906C-BCAC09425CD4}.Debug|Any CPU.ActiveCfg = Debug|Any CPU
		{3FB00883-16A7-4EFD-906C-BCAC09425CD4}.Debug|Any CPU.Build.0 = Debug|Any CPU
		{3FB00883-16A7-4EFD-906C-BCAC09425CD4}.Release|Any CPU.ActiveCfg = Release|Any CPU
		{3FB00883-16A7-4EFD-906C-BCAC09425CD4}.Release|Any CPU.Build.0 = Release|Any CPU
	EndGlobalSection
	GlobalSection(SolutionProperties) = preSolution
		HideSolutionNode = FALSE
	EndGlobalSection
	GlobalSection(ExtensibilityGlobals) = postSolution
		SolutionGuid = {AAC64831-AF4E-431A-A4B8-0EAFF06B0C14}
	EndGlobalSection
EndGlobal
